
Microsoft Visual Studio Solution File, Format Version 12.00
# Visual Studio 2012
Project("{FAE04EC0-301F-11D3-BF4B-00C04F79EFBC}") = "minipaint", "minipaint\minipaint.csproj", "{6E60FC38-752F-4B90-9F6C-22B60D481719}"
EndProject
Global
	GlobalSection(SolutionConfigurationPlatforms) = preSolution
		Debug|Any CPU = Debug|Any CPU
		Release|Any CPU = Release|Any CPU
	EndGlobalSection
	GlobalSection(ProjectConfigurationPlatforms) = postSolution
		{6E60FC38-752F-4B90-9F6C-22B60D481719}.Debug|Any CPU.ActiveCfg = Debug|Any CPU
		{6E60FC38-752F-4B90-9F6C-22B60D481719}.Debug|Any CPU.Build.0 = Debug|Any CPU
		{6E60FC38-752F-4B90-9F6C-22B60D481719}.Release|Any CPU.ActiveCfg = Release|Any CPU
		{6E60FC38-752F-4B90-9F6C-22B60D481719}.Release|Any CPU.Build.0 = Release|Any CPU
	EndGlobalSection
	GlobalSection(SolutionProperties) = preSolution
		HideSolutionNode = FALSE
	EndGlobalSection
EndGlobal
